
Microsoft Visual Studio Solution File, Format Version 12.00
# Visual Studio Version 16
VisualStudioVersion = 16.0.31205.134
MinimumVisualStudioVersion = 10.0.40219.1
Project("{FAE04EC0-301F-11D3-BF4B-00C04F79EFBC}") = "Val", "Val.csproj", "{6564DF24-7F40-4433-A857-C5562495055A}"
EndProject
Global
	GlobalSection(SolutionConfigurationPlatforms) = preSolution
		Debug|Any CPU = Debug|Any CPU
		Release|Any CPU = Release|Any CPU
	EndGlobalSection
	GlobalSection(ProjectConfigurationPlatforms) = postSolution
		{6564DF24-7F40-4433-A857-C5562495055A}.Debug|Any CPU.ActiveCfg = Debug|Any CPU
		{6564DF24-7F40-4433-A857-C5562495055A}.Debug|Any CPU.Build.0 = Debug|Any CPU
		{6564DF24-7F40-4433-A857-C5562495055A}.Release|Any CPU.ActiveCfg = Release|Any CPU
		{6564DF24-7F40-4433-A857-C5562495055A}.Release|Any CPU.Build.0 = Release|Any CPU
	EndGlobalSection
	GlobalSection(SolutionProperties) = preSolution
		HideSolutionNode = FALSE
	EndGlobalSection
	GlobalSection(ExtensibilityGlobals) = postSolution
		SolutionGuid = {92039AF0-6EE1-49E8-A517-63B49C1D255A}
	EndGlobalSection
EndGlobal
